
Microsoft Visual Studio Solution File, Format Version 12.00
# Visual Studio Version 16
VisualStudioVersion = 16.0.30907.101
MinimumVisualStudioVersion = 10.0.40219.1
Project("{FAE04EC0-301F-11D3-BF4B-00C04F79EFBC}") = "GICAS KPRZ", "GICAS KPRZ\GICAS KPRZ.csproj", "{394EE49B-605C-409B-A708-A49D33CD2D68}"
EndProject
Global
	GlobalSection(SolutionConfigurationPlatforms) = preSolution
		Debug|Any CPU = Debug|Any CPU
		Release|Any CPU = Release|Any CPU
	EndGlobalSection
	GlobalSection(ProjectConfigurationPlatforms) = postSolution
		{394EE49B-605C-409B-A708-A49D33CD2D68}.Debug|Any CPU.ActiveCfg = Debug|Any CPU
		{394EE49B-605C-409B-A708-A49D33CD2D68}.Debug|Any CPU.Build.0 = Debug|Any CPU
		{394EE49B-605C-409B-A708-A49D33CD2D68}.Release|Any CPU.ActiveCfg = Release|Any CPU
		{394EE49B-605C-409B-A708-A49D33CD2D68}.Release|Any CPU.Build.0 = Release|Any CPU
	EndGlobalSection
	GlobalSection(SolutionProperties) = preSolution
		HideSolutionNode = FALSE
	EndGlobalSection
	GlobalSection(ExtensibilityGlobals) = postSolution
		SolutionGuid = {8595DC31-65A0-414A-8026-E49C2E662E75}
	EndGlobalSection
EndGlobal
